
Microsoft Visual Studio Solution File, Format Version 12.00
# Visual Studio 2012
Project("{FAE04EC0-301F-11D3-BF4B-00C04F79EFBC}") = "ConsoleInterface", "ConsoleInterface.csproj", "{8E314D79-1101-4CCC-BD38-535E0D621B4C}"
EndProject
Project("{FAE04EC0-301F-11D3-BF4B-00C04F79EFBC}") = "GameLogic", "..\GameLogic\GameLogic.csproj", "{68EB2E7E-D3CB-43A0-B522-19DA14DD7998}"
EndProject
Project("{FAE04EC0-301F-11D3-BF4B-00C04F79EFBC}") = "XmppCommunicator", "..\XmppCommunicator\XmppCommunicator.csproj", "{612007BA-0E17-44A6-8B1F-4420DAEF7E3F}"
EndProject
Project("{FAE04EC0-301F-11D3-BF4B-00C04F79EFBC}") = "GameEventManager", "..\GameEventManager\GameEventManager.csproj", "{9102BEB5-6B3A-45BE-AF2E-D6F98B1C93F3}"
EndProject
Project("{FAE04EC0-301F-11D3-BF4B-00C04F79EFBC}") = "Communication", "..\Communication\Communication.csproj", "{90CAE1A4-0E8E-4177-8B00-4F3B9B1423B9}"
EndProject
Global
	GlobalSection(SolutionConfigurationPlatforms) = preSolution
		Debug|Any CPU = Debug|Any CPU
		Release|Any CPU = Release|Any CPU
	EndGlobalSection
	GlobalSection(ProjectConfigurationPlatforms) = postSolution
		{8E314D79-1101-4CCC-BD38-535E0D621B4C}.Debug|Any CPU.ActiveCfg = Debug|Any CPU
		{8E314D79-1101-4CCC-BD38-535E0D621B4C}.Debug|Any CPU.Build.0 = Debug|Any CPU
		{8E314D79-1101-4CCC-BD38-535E0D621B4C}.Release|Any CPU.ActiveCfg = Release|Any CPU
		{8E314D79-1101-4CCC-BD38-535E0D621B4C}.Release|Any CPU.Build.0 = Release|Any CPU
		{68EB2E7E-D3CB-43A0-B522-19DA14DD7998}.Debug|Any CPU.ActiveCfg = Debug|Any CPU
		{68EB2E7E-D3CB-43A0-B522-19DA14DD7998}.Debug|Any CPU.Build.0 = Debug|Any CPU
		{68EB2E7E-D3CB-43A0-B522-19DA14DD7998}.Release|Any CPU.ActiveCfg = Release|Any CPU
		{68EB2E7E-D3CB-43A0-B522-19DA14DD7998}.Release|Any CPU.Build.0 = Release|Any CPU
		{612007BA-0E17-44A6-8B1F-4420DAEF7E3F}.Debug|Any CPU.ActiveCfg = Debug|Any CPU
		{612007BA-0E17-44A6-8B1F-4420DAEF7E3F}.Debug|Any CPU.Build.0 = Debug|Any CPU
		{612007BA-0E17-44A6-8B1F-4420DAEF7E3F}.Release|Any CPU.ActiveCfg = Release|Any CPU
		{612007BA-0E17-44A6-8B1F-4420DAEF7E3F}.Release|Any CPU.Build.0 = Release|Any CPU
		{9102BEB5-6B3A-45BE-AF2E-D6F98B1C93F3}.Debug|Any CPU.ActiveCfg = Debug|Any CPU
		{9102BEB5-6B3A-45BE-AF2E-D6F98B1C93F3}.Debug|Any CPU.Build.0 = Debug|Any CPU
		{9102BEB5-6B3A-45BE-AF2E-D6F98B1C93F3}.Release|Any CPU.ActiveCfg = Release|Any CPU
		{9102BEB5-6B3A-45BE-AF2E-D6F98B1C93F3}.Release|Any CPU.Build.0 = Release|Any CPU
		{90CAE1A4-0E8E-4177-8B00-4F3B9B1423B9}.Debug|Any CPU.ActiveCfg = Debug|Any CPU
		{90CAE1A4-0E8E-4177-8B00-4F3B9B1423B9}.Debug|Any CPU.Build.0 = Debug|Any CPU
		{90CAE1A4-0E8E-4177-8B00-4F3B9B1423B9}.Release|Any CPU.ActiveCfg = Release|Any CPU
		{90CAE1A4-0E8E-4177-8B00-4F3B9B1423B9}.Release|Any CPU.Build.0 = Release|Any CPU
	EndGlobalSection
	GlobalSection(SolutionProperties) = preSolution
		HideSolutionNode = FALSE
	EndGlobalSection
EndGlobal
